
Microsoft Visual Studio Solution File, Format Version 12.00
# Visual Studio Version 17
VisualStudioVersion = 17.1.32328.378
MinimumVisualStudioVersion = 10.0.40219.1
Project("{FAE04EC0-301F-11D3-BF4B-00C04F79EFBC}") = "StacksAndQueues", "StacksAndQueues\StacksAndQueues.csproj", "{540E3802-4509-4BCF-A9E7-9A009A8EF62F}"
EndProject
Global
	GlobalSection(SolutionConfigurationPlatforms) = preSolution
		Debug|Any CPU = Debug|Any CPU
		Release|Any CPU = Release|Any CPU
	EndGlobalSection
	GlobalSection(ProjectConfigurationPlatforms) = postSolution
		{540E3802-4509-4BCF-A9E7-9A009A8EF62F}.Debug|Any CPU.ActiveCfg = Debug|Any CPU
		{540E3802-4509-4BCF-A9E7-9A009A8EF62F}.Debug|Any CPU.Build.0 = Debug|Any CPU
		{540E3802-4509-4BCF-A9E7-9A009A8EF62F}.Release|Any CPU.ActiveCfg = Release|Any CPU
		{540E3802-4509-4BCF-A9E7-9A009A8EF62F}.Release|Any CPU.Build.0 = Release|Any CPU
	EndGlobalSection
	GlobalSection(SolutionProperties) = preSolution
		HideSolutionNode = FALSE
	EndGlobalSection
	GlobalSection(ExtensibilityGlobals) = postSolution
		SolutionGuid = {B1BBBC9F-4C92-43D8-BA5A-74FEFC88CEF2}
	EndGlobalSection
EndGlobal
